<?xml version="1.0" encoding="utf-8"?>
<Project ToolsVersion="4.0" xmlns="http://schemas.microsoft.com/developer/msbuild/2003">
  <ItemGroup>
    <Filter Include="00.System">
      <UniqueIdentifier>{e247a930-8213-45c2-b095-a726ca5abf3c}</UniqueIdentifier>
    </Filter>
    <Filter Include="01.Utility">
      <UniqueIdentifier>{0a90ae2f-ad1d-45ec-a826-23e945a706ee}</UniqueIdentifier>
    </Filter>
    <Filter Include="99.Defines">
      <UniqueIdentifier>{56bf5752-e9e5-4d3c-a7be-20759e1e6ff5}</UniqueIdentifier>
    </Filter>
    <Filter Include="01.Utility\99.SuperClass">
      <UniqueIdentifier>{e97e1dd4-2f50-4559-928e-fdb087e05027}</UniqueIdentifier>
    </Filter>
    <Filter Include="01.Utility\00.GameInstance">
      <UniqueIdentifier>{bfce8578-ad6b-4b0e-836f-ad7248cf1308}</UniqueIdentifier>
    </Filter>
    <Filter Include="01.Utility\01.Levels">
      <UniqueIdentifier>{760976d0-2909-4a3c-9996-8103b0c3e046}</UniqueIdentifier>
    </Filter>
    <Filter Include="01.Utility\02.GameObjects">
      <UniqueIdentifier>{dedf4899-44ab-4e2a-9fd5-6757232b3fcf}</UniqueIdentifier>
    </Filter>
    <Filter Include="01.Utility\03.Components">
      <UniqueIdentifier>{e9cddcc4-5a24-450f-93a6-4920e5c1f502}</UniqueIdentifier>
    </Filter>
    <Filter Include="00.System\00.Timers">
      <UniqueIdentifier>{71374c39-058f-4fc4-8e35-a917aaaabe0e}</UniqueIdentifier>
    </Filter>
    <Filter Include="00.System\00.Timers\Manager">
      <UniqueIdentifier>{1367e8ee-a65b-4044-aefd-e5a1cd99aa65}</UniqueIdentifier>
    </Filter>
    <Filter Include="01.Utility\01.Levels\Manager">
      <UniqueIdentifier>{7c2966ae-7008-4a7c-98cd-20f4f6464350}</UniqueIdentifier>
    </Filter>
    <Filter Include="01.Utility\03.Components\Manager">
      <UniqueIdentifier>{be41cf76-fa6a-40c7-bca1-6511329bad05}</UniqueIdentifier>
    </Filter>
    <Filter Include="00.System\01.Device">
      <UniqueIdentifier>{094333ff-b54e-4b39-88d8-a1c5b0f84ce3}</UniqueIdentifier>
    </Filter>
    <Filter Include="00.System\01.Device\Graphic">
      <UniqueIdentifier>{bb05d0d7-3244-4eb0-b596-13286729e19a}</UniqueIdentifier>
    </Filter>
    <Filter Include="01.Utility\03.Components\Transform">
      <UniqueIdentifier>{410bee27-d12b-41a5-870d-eb2859956bfb}</UniqueIdentifier>
    </Filter>
    <Filter Include="01.Utility\04.Renderer">
      <UniqueIdentifier>{718a3997-f34f-41c2-ba36-80a9e1481f1b}</UniqueIdentifier>
    </Filter>
    <Filter Include="01.Utility\03.Components\VIBuffer">
      <UniqueIdentifier>{828717e6-96ed-498b-9729-aa18378fec8f}</UniqueIdentifier>
    </Filter>
    <Filter Include="01.Utility\03.Components\VIBuffer\Rect">
      <UniqueIdentifier>{ca4cd967-eaa9-4315-9212-35980a5e724a}</UniqueIdentifier>
    </Filter>
    <Filter Include="01.Utility\03.Components\Shader">
      <UniqueIdentifier>{6c110ce0-705f-438f-b674-7320aa8c12d8}</UniqueIdentifier>
    </Filter>
    <Filter Include="01.Utility\03.Components\Texture">
      <UniqueIdentifier>{3db8fcb7-2c50-4de5-8be2-1e504ed789fd}</UniqueIdentifier>
    </Filter>
    <Filter Include="01.Utility\03.Components\VIBuffer\Terrain">
      <UniqueIdentifier>{3f848cd1-8794-40c9-849d-e85faffde3e8}</UniqueIdentifier>
    </Filter>
    <Filter Include="01.Utility\02.GameObjects\00.Manager">
      <UniqueIdentifier>{4bce27d1-84e7-487e-87a1-88f4483f60ce}</UniqueIdentifier>
    </Filter>
    <Filter Include="01.Utility\02.GameObjects\00.Manager\Layer">
      <UniqueIdentifier>{c0308119-9f02-4b01-bfa4-b0b518e2683c}</UniqueIdentifier>
    </Filter>
    <Filter Include="01.Utility\02.GameObjects\01.BlendObject">
      <UniqueIdentifier>{dbfd655f-4ce3-4a33-9f09-d43f74e34758}</UniqueIdentifier>
    </Filter>
    <Filter Include="01.Utility\02.GameObjects\02.UI">
      <UniqueIdentifier>{2029984a-c723-4e0a-bc6d-49b20a6508da}</UniqueIdentifier>
    </Filter>
    <Filter Include="01.Utility\02.GameObjects\03.Camera">
      <UniqueIdentifier>{6d40fb68-4468-4cb5-8656-7c48e894277c}</UniqueIdentifier>
    </Filter>
    <Filter Include="01.Utility\05.PipeLine">
      <UniqueIdentifier>{c7cf7e59-18a1-41d7-b3b8-7f7d930f17a6}</UniqueIdentifier>
    </Filter>
    <Filter Include="00.System\01.Device\Input">
      <UniqueIdentifier>{f218174c-0fc4-46cb-a783-c886c8a2b5ae}</UniqueIdentifier>
    </Filter>
    <Filter Include="01.Utility\03.Components\Model">
      <UniqueIdentifier>{93ff8f36-b7eb-4c98-80dc-21fd163e3b4e}</UniqueIdentifier>
    </Filter>
    <Filter Include="01.Utility\03.Components\Model\Mesh">
      <UniqueIdentifier>{d972a303-957a-4df6-84e0-4035d663f9d7}</UniqueIdentifier>
    </Filter>
    <Filter Include="01.Utility\03.Components\VIBuffer\Cube">
      <UniqueIdentifier>{0202af9f-fa97-4a9a-9397-d6d674a002e5}</UniqueIdentifier>
    </Filter>
    <Filter Include="01.Utility\03.Components\Model\Bone">
      <UniqueIdentifier>{50996b98-02dc-4ae8-a385-7457311956c3}</UniqueIdentifier>
    </Filter>
    <Filter Include="01.Utility\03.Components\Model\Animation">
      <UniqueIdentifier>{42f16f81-f804-436e-a8c4-23bdfbb903f8}</UniqueIdentifier>
    </Filter>
    <Filter Include="01.Utility\03.Components\Model\Animation\Channel">
      <UniqueIdentifier>{6f87b1c0-8c6d-4e3d-b89e-a77b79185cd9}</UniqueIdentifier>
    </Filter>
    <Filter Include="01.Utility\02.GameObjects\04.ContainObject">
      <UniqueIdentifier>{8e1decd5-81fa-4543-8b0c-6d4385134029}</UniqueIdentifier>
    </Filter>
    <Filter Include="01.Utility\02.GameObjects\04.ContainObject\PartObject">
      <UniqueIdentifier>{8f57fd50-488c-4b2b-9bbe-4549c4649ebd}</UniqueIdentifier>
    </Filter>
    <Filter Include="01.Utility\03.Components\Navigation">
      <UniqueIdentifier>{cfe7617c-8b87-49a0-86b0-057b90bb77a2}</UniqueIdentifier>
    </Filter>
    <Filter Include="01.Utility\03.Components\Navigation\Cell">
      <UniqueIdentifier>{3a8ca9f0-798a-4c83-804d-438806d4140b}</UniqueIdentifier>
    </Filter>
    <Filter Include="01.Utility\03.Components\VIBuffer\Cell">
      <UniqueIdentifier>{090be9f2-100f-4f17-a2f0-0fa99177a362}</UniqueIdentifier>
    </Filter>
    <Filter Include="98.ShaderFiles">
      <UniqueIdentifier>{274e2609-c202-4098-b0f9-8f3d26a9d798}</UniqueIdentifier>
    </Filter>
    <Filter Include="01.Utility\07.Lights">
      <UniqueIdentifier>{0f0b6b5d-e8e7-481d-bbcd-d3593b30d52e}</UniqueIdentifier>
    </Filter>
    <Filter Include="01.Utility\07.Lights\Manager">
      <UniqueIdentifier>{46aebbb9-930f-4047-8825-d1fc3e180aac}</UniqueIdentifier>
    </Filter>
    <Filter Include="01.Utility\03.Components\Collider">
      <UniqueIdentifier>{e56f0691-63de-41e8-a9b7-bc8437104621}</UniqueIdentifier>
    </Filter>
    <Filter Include="01.Utility\03.Components\Collider\Bounding">
      <UniqueIdentifier>{326463c7-7050-4eae-8e22-9da3fdd30746}</UniqueIdentifier>
    </Filter>
    <Filter Include="01.Utility\03.Components\Collider\Bounding\AABB">
      <UniqueIdentifier>{da7342bc-0031-481b-ab8e-28782900ef27}</UniqueIdentifier>
    </Filter>
    <Filter Include="01.Utility\03.Components\Collider\Bounding\OBB">
      <UniqueIdentifier>{278bfc29-1961-4406-af4b-6f4b802869ab}</UniqueIdentifier>
    </Filter>
    <Filter Include="01.Utility\03.Components\Collider\Bounding\Sphere">
      <UniqueIdentifier>{e49581c9-0b08-4808-a055-2a0f77585cb8}</UniqueIdentifier>
    </Filter>
    <Filter Include="01.Utility\03.Components\Collider\DebugDraw">
      <UniqueIdentifier>{412bd6d1-4268-46fd-b4c2-35f40be58290}</UniqueIdentifier>
    </Filter>
    <Filter Include="01.Utility\03.Components\VIBuffer\Instancing">
      <UniqueIdentifier>{c6787459-0516-4aef-9329-7dbd57ebe4c2}</UniqueIdentifier>
    </Filter>
    <Filter Include="01.Utility\03.Components\VIBuffer\Instancing\Rect">
      <UniqueIdentifier>{9489a5c0-418a-4a22-96e9-d609b8cc9681}</UniqueIdentifier>
    </Filter>
    <Filter Include="01.Utility\03.Components\Collider\Manager">
      <UniqueIdentifier>{65991edf-3c5a-4b74-ba28-650412217fa2}</UniqueIdentifier>
    </Filter>
    <Filter Include="01.Utility\03.Components\VIBuffer\Instancing\Point">
      <UniqueIdentifier>{cbc56bad-7686-4554-ab5d-83666520a938}</UniqueIdentifier>
    </Filter>
    <Filter Include="01.Utility\08.RenderTargets">
      <UniqueIdentifier>{b0ab2d5b-16e1-42cc-811f-31e19f12a790}</UniqueIdentifier>
    </Filter>
    <Filter Include="01.Utility\08.RenderTargets\Manager">
      <UniqueIdentifier>{373d5ace-c3b1-4a3a-ad40-f5968720cbb1}</UniqueIdentifier>
    </Filter>
    <Filter Include="01.Utility\03.Components\Physics">
      <UniqueIdentifier>{8ddfdb30-21d4-4013-94f1-b609a395d45f}</UniqueIdentifier>
    </Filter>
    <Filter Include="01.Utility\06. Raycasters">
      <UniqueIdentifier>{2b5b505a-d2be-401d-9434-5548f95f7dc6}</UniqueIdentifier>
    </Filter>
    <Filter Include="01.Utility\02.GameObjects\05.TextObject">
      <UniqueIdentifier>{777db852-636e-4739-bc40-0afbf120a790}</UniqueIdentifier>
    </Filter>
    <Filter Include="01.Utility\09.Font">
      <UniqueIdentifier>{6a152ab8-a003-451d-bf5b-162cfebf1bb9}</UniqueIdentifier>
    </Filter>
    <Filter Include="01.Utility\03.Components\VIBuffer\Instancing\Mesh">
      <UniqueIdentifier>{db27f68b-e08c-4267-be84-6300d8bdd915}</UniqueIdentifier>
    </Filter>
    <Filter Include="01.Utility\10.Frustum">
      <UniqueIdentifier>{458b6c2e-763d-4c58-b925-25b90788a290}</UniqueIdentifier>
    </Filter>
    <Filter Include="01.Utility\11.Octree">
      <UniqueIdentifier>{84b976e4-f999-4973-a648-a4be4ed4df7a}</UniqueIdentifier>
    </Filter>
    <Filter Include="01.Utility\12.Sound">
      <UniqueIdentifier>{be9032eb-b672-490f-8706-a6561e9d3249}</UniqueIdentifier>
    </Filter>
  </ItemGroup>
  <ItemGroup>
    <ClCompile Include="..\Private\Base.cpp">
      <Filter>01.Utility\99.SuperClass</Filter>
    </ClCompile>
    <ClCompile Include="..\Private\GameInstance.cpp">
      <Filter>01.Utility\00.GameInstance</Filter>
    </ClCompile>
    <ClCompile Include="..\Private\Component.cpp">
      <Filter>01.Utility\03.Components</Filter>
    </ClCompile>
    <ClCompile Include="..\Private\GameObject.cpp">
      <Filter>01.Utility\02.GameObjects</Filter>
    </ClCompile>
    <ClCompile Include="..\Private\Level.cpp">
      <Filter>01.Utility\01.Levels</Filter>
    </ClCompile>
    <ClCompile Include="..\Private\Timer.cpp">
      <Filter>00.System\00.Timers</Filter>
    </ClCompile>
    <ClCompile Include="..\Private\Timer_Manager.cpp">
      <Filter>00.System\00.Timers\Manager</Filter>
    </ClCompile>
    <ClCompile Include="..\Private\Level_Manager.cpp">
      <Filter>01.Utility\01.Levels\Manager</Filter>
    </ClCompile>
    <ClCompile Include="..\Private\Object_Manager.cpp">
      <Filter>01.Utility\02.GameObjects\00.Manager</Filter>
    </ClCompile>
    <ClCompile Include="..\Private\Layer.cpp">
      <Filter>01.Utility\02.GameObjects\00.Manager\Layer</Filter>
    </ClCompile>
    <ClCompile Include="..\Private\BlendObject.cpp">
      <Filter>01.Utility\02.GameObjects\01.BlendObject</Filter>
    </ClCompile>
    <ClCompile Include="..\Private\Component_Manager.cpp">
      <Filter>01.Utility\03.Components\Manager</Filter>
    </ClCompile>
    <ClCompile Include="..\Private\Graphic_Device.cpp">
      <Filter>00.System\01.Device\Graphic</Filter>
    </ClCompile>
    <ClCompile Include="..\private\UIObject.cpp">
      <Filter>01.Utility\02.GameObjects\02.UI</Filter>
    </ClCompile>
    <ClCompile Include="..\private\Transform.cpp">
      <Filter>01.Utility\03.Components\Transform</Filter>
    </ClCompile>
    <ClCompile Include="..\Private\Renderer.cpp">
      <Filter>01.Utility\04.Renderer</Filter>
    </ClCompile>
    <ClCompile Include="..\private\VIBuffer.cpp">
      <Filter>01.Utility\03.Components\VIBuffer</Filter>
    </ClCompile>
    <ClCompile Include="..\private\VIBuffer_Rect.cpp">
      <Filter>01.Utility\03.Components\VIBuffer\Rect</Filter>
    </ClCompile>
    <ClCompile Include="..\private\Shader.cpp">
      <Filter>01.Utility\03.Components\Shader</Filter>
    </ClCompile>
    <ClCompile Include="..\Private\Engine_Struct.cpp">
      <Filter>99.Defines</Filter>
    </ClCompile>
    <ClCompile Include="..\private\Texture.cpp">
      <Filter>01.Utility\03.Components\Texture</Filter>
    </ClCompile>
    <ClCompile Include="..\Private\VIBuffer_Terrain.cpp">
      <Filter>01.Utility\03.Components\VIBuffer\Terrain</Filter>
    </ClCompile>
    <ClCompile Include="..\private\Camera.cpp">
      <Filter>01.Utility\02.GameObjects\03.Camera</Filter>
    </ClCompile>
    <ClCompile Include="..\private\PipeLine.cpp">
      <Filter>01.Utility\05.PipeLine</Filter>
    </ClCompile>
    <ClCompile Include="..\Private\Input_Device.cpp">
      <Filter>00.System\01.Device\Input</Filter>
    </ClCompile>
    <ClCompile Include="..\private\Model.cpp">
      <Filter>01.Utility\03.Components\Model</Filter>
    </ClCompile>
    <ClCompile Include="..\private\Mesh.cpp">
      <Filter>01.Utility\03.Components\Model\Mesh</Filter>
    </ClCompile>
    <ClCompile Include="..\Private\VIBuffer_Cube.cpp">
      <Filter>01.Utility\03.Components\VIBuffer\Cube</Filter>
    </ClCompile>
    <ClCompile Include="..\Private\Bone.cpp">
      <Filter>01.Utility\03.Components\Model\Bone</Filter>
    </ClCompile>
    <ClCompile Include="..\Private\Animation.cpp">
      <Filter>01.Utility\03.Components\Model\Animation</Filter>
    </ClCompile>
    <ClCompile Include="..\Private\Channel.cpp">
      <Filter>01.Utility\03.Components\Model\Animation\Channel</Filter>
    </ClCompile>
    <ClCompile Include="..\Private\ContainObject.cpp">
      <Filter>01.Utility\02.GameObjects\04.ContainObject</Filter>
    </ClCompile>
    <ClCompile Include="..\Private\Raycaster.cpp">
      <Filter>01.Utility\06. Raycasters</Filter>
    </ClCompile>
    <ClCompile Include="..\Private\PartObject.cpp">
      <Filter>01.Utility\02.GameObjects\04.ContainObject\PartObject</Filter>
    </ClCompile>
    <ClCompile Include="..\Private\Navigation.cpp">
      <Filter>01.Utility\03.Components\Navigation</Filter>
    </ClCompile>
    <ClCompile Include="..\Private\Cell.cpp">
      <Filter>01.Utility\03.Components\Navigation\Cell</Filter>
    </ClCompile>
    <ClCompile Include="..\Private\VIBuffer_Cell.cpp">
      <Filter>01.Utility\03.Components\VIBuffer\Cell</Filter>
    </ClCompile>
    <ClCompile Include="..\Private\TextObject.cpp">
      <Filter>01.Utility\02.GameObjects\05.TextObject</Filter>
    </ClCompile>
    <ClCompile Include="..\Private\Light_Manager.cpp">
      <Filter>01.Utility\07.Lights\Manager</Filter>
    </ClCompile>
    <ClCompile Include="..\Private\Light.cpp">
      <Filter>01.Utility\07.Lights</Filter>
    </ClCompile>
    <ClCompile Include="..\Private\Collider.cpp">
      <Filter>01.Utility\03.Components\Collider</Filter>
    </ClCompile>
    <ClCompile Include="..\Private\Bounding.cpp">
      <Filter>01.Utility\03.Components\Collider\Bounding</Filter>
    </ClCompile>
    <ClCompile Include="..\Private\Bounding_AABB.cpp">
      <Filter>01.Utility\03.Components\Collider\Bounding\AABB</Filter>
    </ClCompile>
    <ClCompile Include="..\Private\DebugDraw.cpp">
      <Filter>01.Utility\03.Components\Collider\DebugDraw</Filter>
    </ClCompile>
    <ClCompile Include="..\Private\Bounding_OBB.cpp">
      <Filter>01.Utility\03.Components\Collider\Bounding\OBB</Filter>
    </ClCompile>
    <ClCompile Include="..\Private\Bounding_Sphere.cpp">
      <Filter>01.Utility\03.Components\Collider\Bounding\Sphere</Filter>
    </ClCompile>
    <ClCompile Include="..\Private\VIBuffer_Instancing.cpp">
      <Filter>01.Utility\03.Components\VIBuffer\Instancing</Filter>
    </ClCompile>
    <ClCompile Include="..\Private\VIBuffer_Rect_Instance.cpp">
      <Filter>01.Utility\03.Components\VIBuffer\Instancing\Rect</Filter>
    </ClCompile>
    <ClCompile Include="..\Private\Collider_Manager.cpp">
      <Filter>01.Utility\03.Components\Collider\Manager</Filter>
    </ClCompile>
    <ClCompile Include="..\Private\RenderTarget.cpp">
      <Filter>01.Utility\08.RenderTargets</Filter>
    </ClCompile>
    <ClCompile Include="..\Private\Target_Manager.cpp">
      <Filter>01.Utility\08.RenderTargets\Manager</Filter>
    </ClCompile>
    <ClCompile Include="..\Private\Physics.cpp">
      <Filter>01.Utility\03.Components\Physics</Filter>
    </ClCompile>
    <ClCompile Include="..\Private\Pixel_Picking.cpp">
      <Filter>01.Utility\06. Raycasters</Filter>
    </ClCompile>
    <ClCompile Include="..\Private\Font_Manager.cpp">
      <Filter>01.Utility\09.Font</Filter>
    </ClCompile>
    <ClCompile Include="..\Private\CustomFont.cpp">
      <Filter>01.Utility\09.Font</Filter>
    </ClCompile>
    <ClCompile Include="..\Private\VIBuffer_Mesh_Instance.cpp">
      <Filter>01.Utility\03.Components\VIBuffer\Instancing\Mesh</Filter>
    </ClCompile>
    <ClCompile Include="..\Private\Frustum.cpp">
      <Filter>01.Utility\10.Frustum</Filter>
    </ClCompile>
    <ClCompile Include="..\Private\Octree.cpp">
      <Filter>01.Utility\11.Octree</Filter>
    </ClCompile>
    <ClCompile Include="..\Private\VIBuffer_Point_Instance.cpp">
      <Filter>01.Utility\03.Components\VIBuffer\Instancing\Point</Filter>
    </ClCompile>
    <ClCompile Include="..\Private\VIBuffer_Point_Screw.cpp">
      <Filter>01.Utility\03.Components\VIBuffer\Instancing\Point</Filter>
    </ClCompile>
    <ClCompile Include="..\Private\VIBuffer_Point_Screw_Short.cpp">
      <Filter>01.Utility\03.Components\VIBuffer\Instancing\Point</Filter>
    </ClCompile>
    <ClCompile Include="..\Private\VIBuffer_Point_InvenSlot.cpp">
      <Filter>01.Utility\03.Components\VIBuffer\Instancing\Point</Filter>
    </ClCompile>
  </ItemGroup>
  <ItemGroup>
    <ClInclude Include="..\Public\Base.h">
      <Filter>01.Utility\99.SuperClass</Filter>
    </ClInclude>
    <ClInclude Include="..\Public\GameInstance.h">
      <Filter>01.Utility\00.GameInstance</Filter>
    </ClInclude>
    <ClInclude Include="..\Public\Component.h">
      <Filter>01.Utility\03.Components</Filter>
    </ClInclude>
    <ClInclude Include="..\Public\Engine_Defines.h">
      <Filter>99.Defines</Filter>
    </ClInclude>
    <ClInclude Include="..\Public\Engine_Function.h">
      <Filter>99.Defines</Filter>
    </ClInclude>
    <ClInclude Include="..\Public\Engine_Macro.h">
      <Filter>99.Defines</Filter>
    </ClInclude>
    <ClInclude Include="..\Public\Engine_Struct.h">
      <Filter>99.Defines</Filter>
    </ClInclude>
    <ClInclude Include="..\Public\Engine_Typedef.h">
      <Filter>99.Defines</Filter>
    </ClInclude>
    <ClInclude Include="..\Public\GameObject.h">
      <Filter>01.Utility\02.GameObjects</Filter>
    </ClInclude>
    <ClInclude Include="..\Public\Level.h">
      <Filter>01.Utility\01.Levels</Filter>
    </ClInclude>
    <ClInclude Include="..\Public\Timer.h">
      <Filter>00.System\00.Timers</Filter>
    </ClInclude>
    <ClInclude Include="..\Public\Timer_Manager.h">
      <Filter>00.System\00.Timers\Manager</Filter>
    </ClInclude>
    <ClInclude Include="..\Public\Level_Manager.h">
      <Filter>01.Utility\01.Levels\Manager</Filter>
    </ClInclude>
    <ClInclude Include="..\Public\Object_Manager.h">
      <Filter>01.Utility\02.GameObjects\00.Manager</Filter>
    </ClInclude>
    <ClInclude Include="..\Public\Layer.h">
      <Filter>01.Utility\02.GameObjects\00.Manager\Layer</Filter>
    </ClInclude>
    <ClInclude Include="..\Public\BlendObject.h">
      <Filter>01.Utility\02.GameObjects\01.BlendObject</Filter>
    </ClInclude>
    <ClInclude Include="..\Public\Component_Manager.h">
      <Filter>01.Utility\03.Components\Manager</Filter>
    </ClInclude>
    <ClInclude Include="..\Public\Graphic_Device.h">
      <Filter>00.System\01.Device\Graphic</Filter>
    </ClInclude>
    <ClInclude Include="..\public\UIObject.h">
      <Filter>01.Utility\02.GameObjects\02.UI</Filter>
    </ClInclude>
    <ClInclude Include="..\public\Transform.h">
      <Filter>01.Utility\03.Components\Transform</Filter>
    </ClInclude>
    <ClInclude Include="..\Public\Renderer.h">
      <Filter>01.Utility\04.Renderer</Filter>
    </ClInclude>
    <ClInclude Include="..\public\VIBuffer.h">
      <Filter>01.Utility\03.Components\VIBuffer</Filter>
    </ClInclude>
    <ClInclude Include="..\public\VIBuffer_Rect.h">
      <Filter>01.Utility\03.Components\VIBuffer\Rect</Filter>
    </ClInclude>
    <ClInclude Include="..\public\Shader.h">
      <Filter>01.Utility\03.Components\Shader</Filter>
    </ClInclude>
    <ClInclude Include="..\public\Texture.h">
      <Filter>01.Utility\03.Components\Texture</Filter>
    </ClInclude>
    <ClInclude Include="..\Public\VIBuffer_Terrain.h">
      <Filter>01.Utility\03.Components\VIBuffer\Terrain</Filter>
    </ClInclude>
    <ClInclude Include="..\public\Camera.h">
      <Filter>01.Utility\02.GameObjects\03.Camera</Filter>
    </ClInclude>
    <ClInclude Include="..\public\PipeLine.h">
      <Filter>01.Utility\05.PipeLine</Filter>
    </ClInclude>
    <ClInclude Include="..\Public\Input_Device.h">
      <Filter>00.System\01.Device\Input</Filter>
    </ClInclude>
    <ClInclude Include="..\public\Model.h">
      <Filter>01.Utility\03.Components\Model</Filter>
    </ClInclude>
    <ClInclude Include="..\public\Mesh.h">
      <Filter>01.Utility\03.Components\Model\Mesh</Filter>
    </ClInclude>
    <ClInclude Include="..\Public\ObjectType_ModelPath.h">
      <Filter>99.Defines</Filter>
    </ClInclude>
    <ClInclude Include="..\Public\VIBuffer_Cube.h">
      <Filter>01.Utility\03.Components\VIBuffer\Cube</Filter>
    </ClInclude>
    <ClInclude Include="..\Public\Bone.h">
      <Filter>01.Utility\03.Components\Model\Bone</Filter>
    </ClInclude>
    <ClInclude Include="..\Public\Animation.h">
      <Filter>01.Utility\03.Components\Model\Animation</Filter>
    </ClInclude>
    <ClInclude Include="..\Public\Channel.h">
      <Filter>01.Utility\03.Components\Model\Animation\Channel</Filter>
    </ClInclude>
    <ClInclude Include="..\Public\ContainObject.h">
      <Filter>01.Utility\02.GameObjects\04.ContainObject</Filter>
    </ClInclude>
    <ClInclude Include="..\Public\Raycaster.h">
      <Filter>01.Utility\06. Raycasters</Filter>
    </ClInclude>
    <ClInclude Include="..\Public\PartObject.h">
      <Filter>01.Utility\02.GameObjects\04.ContainObject\PartObject</Filter>
    </ClInclude>
    <ClInclude Include="..\Public\Navigation.h">
      <Filter>01.Utility\03.Components\Navigation</Filter>
    </ClInclude>
    <ClInclude Include="..\Public\Cell.h">
      <Filter>01.Utility\03.Components\Navigation\Cell</Filter>
    </ClInclude>
    <ClInclude Include="..\Public\VIBuffer_Cell.h">
      <Filter>01.Utility\03.Components\VIBuffer\Cell</Filter>
    </ClInclude>
    <ClInclude Include="..\Public\TextObject.h">
      <Filter>01.Utility\02.GameObjects\05.TextObject</Filter>
    </ClInclude>
    <ClInclude Include="..\Public\Light_Manager.h">
      <Filter>01.Utility\07.Lights\Manager</Filter>
    </ClInclude>
    <ClInclude Include="..\Public\Light.h">
      <Filter>01.Utility\07.Lights</Filter>
    </ClInclude>
    <ClInclude Include="..\Public\Collider.h">
      <Filter>01.Utility\03.Components\Collider</Filter>
    </ClInclude>
    <ClInclude Include="..\Public\Bounding.h">
      <Filter>01.Utility\03.Components\Collider\Bounding</Filter>
    </ClInclude>
    <ClInclude Include="..\Public\Bounding_AABB.h">
      <Filter>01.Utility\03.Components\Collider\Bounding\AABB</Filter>
    </ClInclude>
    <ClInclude Include="..\Public\DebugDraw.h">
      <Filter>01.Utility\03.Components\Collider\DebugDraw</Filter>
    </ClInclude>
    <ClInclude Include="..\Public\Bounding_OBB.h">
      <Filter>01.Utility\03.Components\Collider\Bounding\OBB</Filter>
    </ClInclude>
    <ClInclude Include="..\Public\Bounding_Sphere.h">
      <Filter>01.Utility\03.Components\Collider\Bounding\Sphere</Filter>
    </ClInclude>
    <ClInclude Include="..\Public\VIBuffer_Instancing.h">
      <Filter>01.Utility\03.Components\VIBuffer\Instancing</Filter>
    </ClInclude>
    <ClInclude Include="..\Public\VIBuffer_Rect_Instance.h">
      <Filter>01.Utility\03.Components\VIBuffer\Instancing\Rect</Filter>
    </ClInclude>
    <ClInclude Include="..\Public\Collider_Manager.h">
      <Filter>01.Utility\03.Components\Collider\Manager</Filter>
    </ClInclude>
    <ClInclude Include="..\Public\RenderTarget.h">
      <Filter>01.Utility\08.RenderTargets</Filter>
    </ClInclude>
    <ClInclude Include="..\Public\Target_Manager.h">
      <Filter>01.Utility\08.RenderTargets\Manager</Filter>
    </ClInclude>
    <ClInclude Include="..\Public\Physics.h">
      <Filter>01.Utility\03.Components\Physics</Filter>
    </ClInclude>
    <ClInclude Include="..\Public\Pixel_Picking.h">
      <Filter>01.Utility\06. Raycasters</Filter>
    </ClInclude>
    <ClInclude Include="..\Public\CustomFont.h">
      <Filter>01.Utility\09.Font</Filter>
    </ClInclude>
    <ClInclude Include="..\Public\Font_Manager.h">
      <Filter>01.Utility\09.Font</Filter>
    </ClInclude>
    <ClInclude Include="..\Public\VIBuffer_Mesh_Instance.h">
      <Filter>01.Utility\03.Components\VIBuffer\Instancing\Mesh</Filter>
    </ClInclude>
    <ClInclude Include="..\Public\Frustum.h">
      <Filter>01.Utility\10.Frustum</Filter>
    </ClInclude>
    <ClInclude Include="..\Public\Octree.h">
      <Filter>01.Utility\11.Octree</Filter>
    </ClInclude>
    <ClInclude Include="..\Public\VIBuffer_Point_Instance.h">
      <Filter>01.Utility\03.Components\VIBuffer\Instancing\Point</Filter>
    </ClInclude>
    <ClInclude Include="..\Public\VIBuffer_Point_Screw.h">
      <Filter>01.Utility\03.Components\VIBuffer\Instancing\Point</Filter>
    </ClInclude>
    <ClInclude Include="..\Public\VIBuffer_Point_Screw_Short.h">
      <Filter>01.Utility\03.Components\VIBuffer\Instancing\Point</Filter>
    </ClInclude>
    <ClInclude Include="..\Public\VIBuffer_Point_InvenSlot.h">
      <Filter>01.Utility\03.Components\VIBuffer\Instancing\Point</Filter>
    </ClInclude>
  </ItemGroup>
  <ItemGroup>
    <FxCompile Include="..\Bin\ShaderFiles\Shader_Cell.hlsl">
      <Filter>98.ShaderFiles</Filter>
    </FxCompile>
    <FxCompile Include="..\Bin\ShaderFiles\Shader_Deferred.hlsl">
      <Filter>98.ShaderFiles</Filter>
    </FxCompile>
  </ItemGroup>
  <ItemGroup>
    <None Include="..\Bin\ShaderFiles\Shader_Engine_Defines.hlsli">
      <Filter>98.ShaderFiles</Filter>
    </None>
  </ItemGroup>
</Project>